
Microsoft Visual Studio Solution File, Format Version 12.00
# Visual Studio 15
VisualStudioVersion = 15.0.27428.2015
MinimumVisualStudioVersion = 10.0.40219.1
Project("{FAE04EC0-301F-11D3-BF4B-00C04F79EFBC}") = "CheckInternet.Android", "CheckInternet\CheckInternet.Android\CheckInternet.Android.csproj", "{55A82BE8-A41F-4852-8175-6B402BE55972}"
EndProject
Project("{FAE04EC0-301F-11D3-BF4B-00C04F79EFBC}") = "CheckInternet.iOS", "CheckInternet\CheckInternet.iOS\CheckInternet.iOS.csproj", "{6DC36D8B-9EF8-48A0-A874-52904C99AB17}"
EndProject
Project("{FAE04EC0-301F-11D3-BF4B-00C04F79EFBC}") = "CheckInternet", "CheckInternet\CheckInternet\CheckInternet.csproj", "{B1549E02-7F20-4BA5-84E6-C045944D3241}"
EndProject
Global
	GlobalSection(SolutionConfigurationPlatforms) = preSolution
		Ad-Hoc|Any CPU = Ad-Hoc|Any CPU
		Ad-Hoc|iPhone = Ad-Hoc|iPhone
		Ad-Hoc|iPhoneSimulator = Ad-Hoc|iPhoneSimulator
		AppStore|Any CPU = AppStore|Any CPU
		AppStore|iPhone = AppStore|iPhone
		AppStore|iPhoneSimulator = AppStore|iPhoneSimulator
		Debug|Any CPU = Debug|Any CPU
		Debug|iPhone = Debug|iPhone
		Debug|iPhoneSimulator = Debug|iPhoneSimulator
		Release|Any CPU = Release|Any CPU
		Release|iPhone = Release|iPhone
		Release|iPhoneSimulator = Release|iPhoneSimulator
	EndGlobalSection
	GlobalSection(ProjectConfigurationPlatforms) = postSolution
		{55A82BE8-A41F-4852-8175-6B402BE55972}.Ad-Hoc|Any CPU.ActiveCfg = Release|Any CPU
		{55A82BE8-A41F-4852-8175-6B402BE55972}.Ad-Hoc|Any CPU.Build.0 = Release|Any CPU
		{55A82BE8-A41F-4852-8175-6B402BE55972}.Ad-Hoc|Any CPU.Deploy.0 = Release|Any CPU
		{55A82BE8-A41F-4852-8175-6B402BE55972}.Ad-Hoc|iPhone.ActiveCfg = Release|Any CPU
		{55A82BE8-A41F-4852-8175-6B402BE55972}.Ad-Hoc|iPhone.Build.0 = Release|Any CPU
		{55A82BE8-A41F-4852-8175-6B402BE55972}.Ad-Hoc|iPhone.Deploy.0 = Release|Any CPU
		{55A82BE8-A41F-4852-8175-6B402BE55972}.Ad-Hoc|iPhoneSimulator.ActiveCfg = Release|Any CPU
		{55A82BE8-A41F-4852-8175-6B402BE55972}.Ad-Hoc|iPhoneSimulator.Build.0 = Release|Any CPU
		{55A82BE8-A41F-4852-8175-6B402BE55972}.Ad-Hoc|iPhoneSimulator.Deploy.0 = Release|Any CPU
		{55A82BE8-A41F-4852-8175-6B402BE55972}.AppStore|Any CPU.ActiveCfg = Release|Any CPU
		{55A82BE8-A41F-4852-8175-6B402BE55972}.AppStore|Any CPU.Build.0 = Release|Any CPU
		{55A82BE8-A41F-4852-8175-6B402BE55972}.AppStore|Any CPU.Deploy.0 = Release|Any CPU
		{55A82BE8-A41F-4852-8175-6B402BE55972}.AppStore|iPhone.ActiveCfg = Release|Any CPU
		{55A82BE8-A41F-4852-8175-6B402BE55972}.AppStore|iPhone.Build.0 = Release|Any CPU
		{55A82BE8-A41F-4852-8175-6B402BE55972}.AppStore|iPhone.Deploy.0 = Release|Any CPU
		{55A82BE8-A41F-4852-8175-6B402BE55972}.AppStore|iPhoneSimulator.ActiveCfg = Release|Any CPU
		{55A82BE8-A41F-4852-8175-6B402BE55972}.AppStore|iPhoneSimulator.Build.0 = Release|Any CPU
		{55A82BE8-A41F-4852-8175-6B402BE55972}.AppStore|iPhoneSimulator.Deploy.0 = Release|Any CPU
		{55A82BE8-A41F-4852-8175-6B402BE55972}.Debug|Any CPU.ActiveCfg = Debug|Any CPU
		{55A82BE8-A41F-4852-8175-6B402BE55972}.Debug|Any CPU.Build.0 = Debug|Any CPU
		{55A82BE8-A41F-4852-8175-6B402BE55972}.Debug|Any CPU.Deploy.0 = Debug|Any CPU
		{55A82BE8-A41F-4852-8175-6B402BE55972}.Debug|iPhone.ActiveCfg = Debug|Any CPU
		{55A82BE8-A41F-4852-8175-6B402BE55972}.Debug|iPhone.Build.0 = Debug|Any CPU
		{55A82BE8-A41F-4852-8175-6B402BE55972}.Debug|iPhone.Deploy.0 = Debug|Any CPU
		{55A82BE8-A41F-4852-8175-6B402BE55972}.Debug|iPhoneSimulator.ActiveCfg = Debug|Any CPU
		{55A82BE8-A41F-4852-8175-6B402BE55972}.Debug|iPhoneSimulator.Build.0 = Debug|Any CPU
		{55A82BE8-A41F-4852-8175-6B402BE55972}.Debug|iPhoneSimulator.Deploy.0 = Debug|Any CPU
		{55A82BE8-A41F-4852-8175-6B402BE55972}.Release|Any CPU.ActiveCfg = Release|Any CPU
		{55A82BE8-A41F-4852-8175-6B402BE55972}.Release|Any CPU.Build.0 = Release|Any CPU
		{55A82BE8-A41F-4852-8175-6B402BE55972}.Release|Any CPU.Deploy.0 = Release|Any CPU
		{55A82BE8-A41F-4852-8175-6B402BE55972}.Release|iPhone.ActiveCfg = Release|Any CPU
		{55A82BE8-A41F-4852-8175-6B402BE55972}.Release|iPhone.Build.0 = Release|Any CPU
		{55A82BE8-A41F-4852-8175-6B402BE55972}.Release|iPhone.Deploy.0 = Release|Any CPU
		{55A82BE8-A41F-4852-8175-6B402BE55972}.Release|iPhoneSimulator.ActiveCfg = Release|Any CPU
		{55A82BE8-A41F-4852-8175-6B402BE55972}.Release|iPhoneSimulator.Build.0 = Release|Any CPU
		{55A82BE8-A41F-4852-8175-6B402BE55972}.Release|iPhoneSimulator.Deploy.0 = Release|Any CPU
		{6DC36D8B-9EF8-48A0-A874-52904C99AB17}.Ad-Hoc|Any CPU.ActiveCfg = Ad-Hoc|iPhone
		{6DC36D8B-9EF8-48A0-A874-52904C99AB17}.Ad-Hoc|iPhone.ActiveCfg = Ad-Hoc|iPhone
		{6DC36D8B-9EF8-48A0-A874-52904C99AB17}.Ad-Hoc|iPhone.Build.0 = Ad-Hoc|iPhone
		{6DC36D8B-9EF8-48A0-A874-52904C99AB17}.Ad-Hoc|iPhoneSimulator.ActiveCfg = Ad-Hoc|iPhoneSimulator
		{6DC36D8B-9EF8-48A0-A874-52904C99AB17}.Ad-Hoc|iPhoneSimulator.Build.0 = Ad-Hoc|iPhoneSimulator
		{6DC36D8B-9EF8-48A0-A874-52904C99AB17}.AppStore|Any CPU.ActiveCfg = AppStore|iPhone
		{6DC36D8B-9EF8-48A0-A874-52904C99AB17}.AppStore|iPhone.ActiveCfg = AppStore|iPhone
		{6DC36D8B-9EF8-48A0-A874-52904C99AB17}.AppStore|iPhone.Build.0 = AppStore|iPhone
		{6DC36D8B-9EF8-48A0-A874-52904C99AB17}.AppStore|iPhoneSimulator.ActiveCfg = AppStore|iPhoneSimulator
		{6DC36D8B-9EF8-48A0-A874-52904C99AB17}.AppStore|iPhoneSimulator.Build.0 = AppStore|iPhoneSimulator
		{6DC36D8B-9EF8-48A0-A874-52904C99AB17}.Debug|Any CPU.ActiveCfg = Debug|iPhone
		{6DC36D8B-9EF8-48A0-A874-52904C99AB17}.Debug|iPhone.ActiveCfg = Debug|iPhone
		{6DC36D8B-9EF8-48A0-A874-52904C99AB17}.Debug|iPhone.Build.0 = Debug|iPhone
		{6DC36D8B-9EF8-48A0-A874-52904C99AB17}.Debug|iPhoneSimulator.ActiveCfg = Debug|iPhoneSimulator
		{6DC36D8B-9EF8-48A0-A874-52904C99AB17}.Debug|iPhoneSimulator.Build.0 = Debug|iPhoneSimulator
		{6DC36D8B-9EF8-48A0-A874-52904C99AB17}.Release|Any CPU.ActiveCfg = Release|iPhone
		{6DC36D8B-9EF8-48A0-A874-52904C99AB17}.Release|iPhone.ActiveCfg = Release|iPhone
		{6DC36D8B-9EF8-48A0-A874-52904C99AB17}.Release|iPhone.Build.0 = Release|iPhone
		{6DC36D8B-9EF8-48A0-A874-52904C99AB17}.Release|iPhoneSimulator.ActiveCfg = Release|iPhoneSimulator
		{6DC36D8B-9EF8-48A0-A874-52904C99AB17}.Release|iPhoneSimulator.Build.0 = Release|iPhoneSimulator
		{B1549E02-7F20-4BA5-84E6-C045944D3241}.Ad-Hoc|Any CPU.ActiveCfg = Debug|Any CPU
		{B1549E02-7F20-4BA5-84E6-C045944D3241}.Ad-Hoc|Any CPU.Build.0 = Debug|Any CPU
		{B1549E02-7F20-4BA5-84E6-C045944D3241}.Ad-Hoc|iPhone.ActiveCfg = Debug|Any CPU
		{B1549E02-7F20-4BA5-84E6-C045944D3241}.Ad-Hoc|iPhone.Build.0 = Debug|Any CPU
		{B1549E02-7F20-4BA5-84E6-C045944D3241}.Ad-Hoc|iPhoneSimulator.ActiveCfg = Debug|Any CPU
		{B1549E02-7F20-4BA5-84E6-C045944D3241}.Ad-Hoc|iPhoneSimulator.Build.0 = Debug|Any CPU
		{B1549E02-7F20-4BA5-84E6-C045944D3241}.AppStore|Any CPU.ActiveCfg = Debug|Any CPU
		{B1549E02-7F20-4BA5-84E6-C045944D3241}.AppStore|Any CPU.Build.0 = Debug|Any CPU
		{B1549E02-7F20-4BA5-84E6-C045944D3241}.AppStore|iPhone.ActiveCfg = Debug|Any CPU
		{B1549E02-7F20-4BA5-84E6-C045944D3241}.AppStore|iPhone.Build.0 = Debug|Any CPU
		{B1549E02-7F20-4BA5-84E6-C045944D3241}.AppStore|iPhoneSimulator.ActiveCfg = Debug|Any CPU
		{B1549E02-7F20-4BA5-84E6-C045944D3241}.AppStore|iPhoneSimulator.Build.0 = Debug|Any CPU
		{B1549E02-7F20-4BA5-84E6-C045944D3241}.Debug|Any CPU.ActiveCfg = Debug|Any CPU
		{B1549E02-7F20-4BA5-84E6-C045944D3241}.Debug|Any CPU.Build.0 = Debug|Any CPU
		{B1549E02-7F20-4BA5-84E6-C045944D3241}.Debug|iPhone.ActiveCfg = Debug|Any CPU
		{B1549E02-7F20-4BA5-84E6-C045944D3241}.Debug|iPhone.Build.0 = Debug|Any CPU
		{B1549E02-7F20-4BA5-84E6-C045944D3241}.Debug|iPhoneSimulator.ActiveCfg = Debug|Any CPU
		{B1549E02-7F20-4BA5-84E6-C045944D3241}.Debug|iPhoneSimulator.Build.0 = Debug|Any CPU
		{B1549E02-7F20-4BA5-84E6-C045944D3241}.Release|Any CPU.ActiveCfg = Release|Any CPU
		{B1549E02-7F20-4BA5-84E6-C045944D3241}.Release|Any CPU.Build.0 = Release|Any CPU
		{B1549E02-7F20-4BA5-84E6-C045944D3241}.Release|iPhone.ActiveCfg = Release|Any CPU
		{B1549E02-7F20-4BA5-84E6-C045944D3241}.Release|iPhone.Build.0 = Release|Any CPU
		{B1549E02-7F20-4BA5-84E6-C045944D3241}.Release|iPhoneSimulator.ActiveCfg = Release|Any CPU
		{B1549E02-7F20-4BA5-84E6-C045944D3241}.Release|iPhoneSimulator.Build.0 = Release|Any CPU
	EndGlobalSection
	GlobalSection(SolutionProperties) = preSolution
		HideSolutionNode = FALSE
	EndGlobalSection
	GlobalSection(ExtensibilityGlobals) = postSolution
		SolutionGuid = {97B713D3-C39C-4DCF-A5E5-643A3332289B}
	EndGlobalSection
EndGlobal
